
Microsoft Visual Studio Solution File, Format Version 12.00
# Visual Studio Version 17
VisualStudioVersion = 17.3.32922.545
MinimumVisualStudioVersion = 10.0.40219.1
Project("{9A19103F-16F7-4668-BE54-9A1E7A4F7556}") = "Entities", "Entities\Entities.csproj", "{479E09D7-04A0-4336-AF09-2F8C20C40EF8}"
EndProject
Project("{9A19103F-16F7-4668-BE54-9A1E7A4F7556}") = "Core", "Core\Core.csproj", "{726E21A5-BC9F-4AA1-81FE-B485BA2908E7}"
EndProject
Project("{9A19103F-16F7-4668-BE54-9A1E7A4F7556}") = "DAL", "DAL\DAL.csproj", "{3815A96B-EE58-45FE-92CC-B72A9A54A801}"
EndProject
Project("{9A19103F-16F7-4668-BE54-9A1E7A4F7556}") = "Systm", "Systm\Systm.csproj", "{E54B7433-1051-42E6-94E4-97C511A6DB45}"
EndProject
Project("{9A19103F-16F7-4668-BE54-9A1E7A4F7556}") = "BLL", "BLL\BLL.csproj", "{AC231AF3-4738-49AC-AD29-FBE3DE155A89}"
EndProject
Project("{9A19103F-16F7-4668-BE54-9A1E7A4F7556}") = "ViewModels", "ViewModels\ViewModels.csproj", "{FC0A2BE4-3BCA-46E0-8709-C8BD4DC19048}"
EndProject
Project("{FAE04EC0-301F-11D3-BF4B-00C04F79EFBC}") = "WebUI", "WebUI\WebUI.csproj", "{37839C9B-528C-4CA6-B142-035D4235E4C9}"
EndProject
Project("{FAE04EC0-301F-11D3-BF4B-00C04F79EFBC}") = "WebAPI", "WebAPI\WebAPI.csproj", "{C0E02CE6-A2FA-486C-B394-192C3A7C6878}"
EndProject
Project("{FAE04EC0-301F-11D3-BF4B-00C04F79EFBC}") = "WinUI", "WinUI\WinUI.csproj", "{3287386B-6C4A-43D5-996D-FDABB06E9248}"
EndProject
Global
	GlobalSection(SolutionConfigurationPlatforms) = preSolution
		Debug|Any CPU = Debug|Any CPU
		Release|Any CPU = Release|Any CPU
	EndGlobalSection
	GlobalSection(ProjectConfigurationPlatforms) = postSolution
		{479E09D7-04A0-4336-AF09-2F8C20C40EF8}.Debug|Any CPU.ActiveCfg = Debug|Any CPU
		{479E09D7-04A0-4336-AF09-2F8C20C40EF8}.Debug|Any CPU.Build.0 = Debug|Any CPU
		{479E09D7-04A0-4336-AF09-2F8C20C40EF8}.Release|Any CPU.ActiveCfg = Release|Any CPU
		{479E09D7-04A0-4336-AF09-2F8C20C40EF8}.Release|Any CPU.Build.0 = Release|Any CPU
		{726E21A5-BC9F-4AA1-81FE-B485BA2908E7}.Debug|Any CPU.ActiveCfg = Debug|Any CPU
		{726E21A5-BC9F-4AA1-81FE-B485BA2908E7}.Debug|Any CPU.Build.0 = Debug|Any CPU
		{726E21A5-BC9F-4AA1-81FE-B485BA2908E7}.Release|Any CPU.ActiveCfg = Release|Any CPU
		{726E21A5-BC9F-4AA1-81FE-B485BA2908E7}.Release|Any CPU.Build.0 = Release|Any CPU
		{3815A96B-EE58-45FE-92CC-B72A9A54A801}.Debug|Any CPU.ActiveCfg = Debug|Any CPU
		{3815A96B-EE58-45FE-92CC-B72A9A54A801}.Debug|Any CPU.Build.0 = Debug|Any CPU
		{3815A96B-EE58-45FE-92CC-B72A9A54A801}.Release|Any CPU.ActiveCfg = Release|Any CPU
		{3815A96B-EE58-45FE-92CC-B72A9A54A801}.Release|Any CPU.Build.0 = Release|Any CPU
		{E54B7433-1051-42E6-94E4-97C511A6DB45}.Debug|Any CPU.ActiveCfg = Debug|Any CPU
		{E54B7433-1051-42E6-94E4-97C511A6DB45}.Debug|Any CPU.Build.0 = Debug|Any CPU
		{E54B7433-1051-42E6-94E4-97C511A6DB45}.Release|Any CPU.ActiveCfg = Release|Any CPU
		{E54B7433-1051-42E6-94E4-97C511A6DB45}.Release|Any CPU.Build.0 = Release|Any CPU
		{AC231AF3-4738-49AC-AD29-FBE3DE155A89}.Debug|Any CPU.ActiveCfg = Debug|Any CPU
		{AC231AF3-4738-49AC-AD29-FBE3DE155A89}.Debug|Any CPU.Build.0 = Debug|Any CPU
		{AC231AF3-4738-49AC-AD29-FBE3DE155A89}.Release|Any CPU.ActiveCfg = Release|Any CPU
		{AC231AF3-4738-49AC-AD29-FBE3DE155A89}.Release|Any CPU.Build.0 = Release|Any CPU
		{FC0A2BE4-3BCA-46E0-8709-C8BD4DC19048}.Debug|Any CPU.ActiveCfg = Debug|Any CPU
		{FC0A2BE4-3BCA-46E0-8709-C8BD4DC19048}.Debug|Any CPU.Build.0 = Debug|Any CPU
		{FC0A2BE4-3BCA-46E0-8709-C8BD4DC19048}.Release|Any CPU.ActiveCfg = Release|Any CPU
		{FC0A2BE4-3BCA-46E0-8709-C8BD4DC19048}.Release|Any CPU.Build.0 = Release|Any CPU
		{37839C9B-528C-4CA6-B142-035D4235E4C9}.Debug|Any CPU.ActiveCfg = Debug|Any CPU
		{37839C9B-528C-4CA6-B142-035D4235E4C9}.Debug|Any CPU.Build.0 = Debug|Any CPU
		{37839C9B-528C-4CA6-B142-035D4235E4C9}.Release|Any CPU.ActiveCfg = Release|Any CPU
		{37839C9B-528C-4CA6-B142-035D4235E4C9}.Release|Any CPU.Build.0 = Release|Any CPU
		{C0E02CE6-A2FA-486C-B394-192C3A7C6878}.Debug|Any CPU.ActiveCfg = Debug|Any CPU
		{C0E02CE6-A2FA-486C-B394-192C3A7C6878}.Debug|Any CPU.Build.0 = Debug|Any CPU
		{C0E02CE6-A2FA-486C-B394-192C3A7C6878}.Release|Any CPU.ActiveCfg = Release|Any CPU
		{C0E02CE6-A2FA-486C-B394-192C3A7C6878}.Release|Any CPU.Build.0 = Release|Any CPU
		{3287386B-6C4A-43D5-996D-FDABB06E9248}.Debug|Any CPU.ActiveCfg = Debug|Any CPU
		{3287386B-6C4A-43D5-996D-FDABB06E9248}.Debug|Any CPU.Build.0 = Debug|Any CPU
		{3287386B-6C4A-43D5-996D-FDABB06E9248}.Release|Any CPU.ActiveCfg = Release|Any CPU
		{3287386B-6C4A-43D5-996D-FDABB06E9248}.Release|Any CPU.Build.0 = Release|Any CPU
	EndGlobalSection
	GlobalSection(SolutionProperties) = preSolution
		HideSolutionNode = FALSE
	EndGlobalSection
	GlobalSection(ExtensibilityGlobals) = postSolution
		SolutionGuid = {A9DFCE88-FDA0-4FA9-B202-0C8353580B3C}
	EndGlobalSection
EndGlobal
